Microsoft Visual Studio Solution File, Format Version 12.00
# Visual Studio 2012
Project("{FAE04EC0-301F-11D3-BF4B-00C04F79EFBC}") = "Password Manager", "Password Manager.csproj", "{ACDB4138-0726-4C6E-84CE-BC57B76B1F61}"
EndProject
Global
	GlobalSection(SolutionConfigurationPlatforms) = preSolution
	Debug|Any CPU = Debug|Any CPU
	ExportDebug|Any CPU = ExportDebug|Any CPU
	ExportRelease|Any CPU = ExportRelease|Any CPU
	EndGlobalSection
	GlobalSection(ProjectConfigurationPlatforms) = postSolution
		{ACDB4138-0726-4C6E-84CE-BC57B76B1F61}.Debug|Any CPU.ActiveCfg = Debug|Any CPU
		{ACDB4138-0726-4C6E-84CE-BC57B76B1F61}.Debug|Any CPU.Build.0 = Debug|Any CPU
		{ACDB4138-0726-4C6E-84CE-BC57B76B1F61}.ExportDebug|Any CPU.ActiveCfg = ExportDebug|Any CPU
		{ACDB4138-0726-4C6E-84CE-BC57B76B1F61}.ExportDebug|Any CPU.Build.0 = ExportDebug|Any CPU
		{ACDB4138-0726-4C6E-84CE-BC57B76B1F61}.ExportRelease|Any CPU.ActiveCfg = ExportRelease|Any CPU
		{ACDB4138-0726-4C6E-84CE-BC57B76B1F61}.ExportRelease|Any CPU.Build.0 = ExportRelease|Any CPU
	EndGlobalSection
EndGlobal
